// !$*UTF8*$!
{
	archiveVersion = 1;
	classes = {
	};
	objectVersion = 51;
	objects = {

/* Begin PBXBuildFile section */
		47F6880F896EC29959E662C2 /* Pods_WeatherApp.framework in Frameworks */ = {isa = PBXBuildFile; fileRef = F2962EF1D99A008ED312D352 /* Pods_WeatherApp.framework */; };
		4B06173F568D40B83B61C512 /* Pods_WeatherAppTests.framework in Frameworks */ = {isa = PBXBuildFile; fileRef = 983082787EDF7C6B2EBF1690 /* Pods_WeatherAppTests.framework */; };
		E80B29CE268DDB60007692E9 /* MainViewController.swift in Sources */ = {isa = PBXBuildFile; fileRef = E80B29CD268DDB60007692E9 /* MainViewController.swift */; };
		E80B29E4268DDC62007692E9 /* WeatherDetailsInfoCell.xib in Resources */ = {isa = PBXBuildFile; fileRef = E80B29D6268DDC62007692E9 /* WeatherDetailsInfoCell.xib */; };
		E80B29E5268DDC62007692E9 /* WeatherDetailsInfoCell.swift in Sources */ = {isa = PBXBuildFile; fileRef = E80B29D7268DDC62007692E9 /* WeatherDetailsInfoCell.swift */; };
		E80B29E6268DDC62007692E9 /* WeatherHourlyCell.xib in Resources */ = {isa = PBXBuildFile; fileRef = E80B29D9268DDC62007692E9 /* WeatherHourlyCell.xib */; };
		E80B29E7268DDC62007692E9 /* WeatherHourlyCell.swift in Sources */ = {isa = PBXBuildFile; fileRef = E80B29DA268DDC62007692E9 /* WeatherHourlyCell.swift */; };
		E80B29E8268DDC62007692E9 /* NextDayCell.xib in Resources */ = {isa = PBXBuildFile; fileRef = E80B29DC268DDC62007692E9 /* NextDayCell.xib */; };
		E80B29E9268DDC62007692E9 /* NextDayCell.swift in Sources */ = {isa = PBXBuildFile; fileRef = E80B29DD268DDC62007692E9 /* NextDayCell.swift */; };
		E80B29EA268DDC62007692E9 /* CityNameCell.swift in Sources */ = {isa = PBXBuildFile; fileRef = E80B29DF268DDC62007692E9 /* CityNameCell.swift */; };
		E80B29EB268DDC62007692E9 /* CityNameCell.xib in Resources */ = {isa = PBXBuildFile; fileRef = E80B29E0268DDC62007692E9 /* CityNameCell.xib */; };
		E80B29EC268DDC62007692E9 /* WeatherInfoCell.xib in Resources */ = {isa = PBXBuildFile; fileRef = E80B29E2268DDC62007692E9 /* WeatherInfoCell.xib */; };
		E80B29ED268DDC62007692E9 /* WeatherInfoCell.swift in Sources */ = {isa = PBXBuildFile; fileRef = E80B29E3268DDC62007692E9 /* WeatherInfoCell.swift */; };
		E80B29FA268DDD95007692E9 /* APIService.swift in Sources */ = {isa = PBXBuildFile; fileRef = E80B29F9268DDD95007692E9 /* APIService.swift */; };
		E80B2A00268DDE99007692E9 /* WeatherModel.swift in Sources */ = {isa = PBXBuildFile; fileRef = E80B29FF268DDE99007692E9 /* WeatherModel.swift */; };
		E80DF85B268F55770073DD04 /* DaysViewController.swift in Sources */ = {isa = PBXBuildFile; fileRef = E80DF85A268F55770073DD04 /* DaysViewController.swift */; };
		E8644CAB269B155B00D2249C /* DaysTableViewCell.swift in Sources */ = {isa = PBXBuildFile; fileRef = E8644CA9269B155B00D2249C /* DaysTableViewCell.swift */; };
		E8644CAC269B155B00D2249C /* DaysTableViewCell.xib in Resources */ = {isa = PBXBuildFile; fileRef = E8644CAA269B155B00D2249C /* DaysTableViewCell.xib */; };
		E8873A77268DCF2A003702A5 /* AppDelegate.swift in Sources */ = {isa = PBXBuildFile; fileRef = E8873A76268DCF2A003702A5 /* AppDelegate.swift */; };
		E8873A79268DCF2A003702A5 /* SceneDelegate.swift in Sources */ = {isa = PBXBuildFile; fileRef = E8873A78268DCF2A003702A5 /* SceneDelegate.swift */; };
		E8873A7E268DCF2A003702A5 /* Main.storyboard in Resources */ = {isa = PBXBuildFile; fileRef = E8873A7C268DCF2A003702A5 /* Main.storyboard */; };
		E8873A81268DCF2A003702A5 /* WeatherApp.xcdatamodeld in Sources */ = {isa = PBXBuildFile; fileRef = E8873A7F268DCF2A003702A5 /* WeatherApp.xcdatamodeld */; };
		E8873A83268DCF35003702A5 /* Assets.xcassets in Resources */ = {isa = PBXBuildFile; fileRef = E8873A82268DCF35003702A5 /* Assets.xcassets */; };
		E8873A86268DCF35003702A5 /* LaunchScreen.storyboard in Resources */ = {isa = PBXBuildFile; fileRef = E8873A84268DCF35003702A5 /* LaunchScreen.storyboard */; };
		E8873A91268DCF36003702A5 /* WeatherAppTests.swift in Sources */ = {isa = PBXBuildFile; fileRef = E8873A90268DCF36003702A5 /* WeatherAppTests.swift */; };
		E8873A9C268DCF36003702A5 /* WeatherAppUITests.swift in Sources */ = {isa = PBXBuildFile; fileRef = E8873A9B268DCF36003702A5 /* WeatherAppUITests.swift */; };
		E8B77803269C9C9700636D10 /* DaysCollectionViewCell.swift in Sources */ = {isa = PBXBuildFile; fileRef = E8B77801269C9C9700636D10 /* DaysCollectionViewCell.swift */; };
		E8B77804269C9C9700636D10 /* DaysCollectionViewCell.xib in Resources */ = {isa = PBXBuildFile; fileRef = E8B77802269C9C9700636D10 /* DaysCollectionViewCell.xib */; };
		E8CAF51D268E0CE4000A29C1 /* WeatherHourCollectionViewCell.swift in Sources */ = {isa = PBXBuildFile; fileRef = E8CAF51B268E0CE4000A29C1 /* WeatherHourCollectionViewCell.swift */; };
		E8CAF51E268E0CE4000A29C1 /* WeatherHourCollectionViewCell.xib in Resources */ = {isa = PBXBuildFile; fileRef = E8CAF51C268E0CE4000A29C1 /* WeatherHourCollectionViewCell.xib */; };
		F42B4C87AA5F970EBED36B1B /* Pods_WeatherApp_WeatherAppUITests.framework in Frameworks */ = {isa = PBXBuildFile; fileRef = 76E078D806327A73648992F4 /* Pods_WeatherApp_WeatherAppUITests.framework */; };
		FD6E477226989B54004D879F /* ToastView.swift in Sources */ = {isa = PBXBuildFile; fileRef = FD6E477126989B54004D879F /* ToastView.swift */; };
		FD6E477A2698A13F004D879F /* UIViewControllerExtensions.swift in Sources */ = {isa = PBXBuildFile; fileRef = FD6E47792698A13F004D879F /* UIViewControllerExtensions.swift */; };
		FD6E47802698A456004D879F /* DataLayer.swift in Sources */ = {isa = PBXBuildFile; fileRef = FD6E477F2698A456004D879F /* DataLayer.swift */; };
		FD6E47882698A4A9004D879F /* FileService.swift in Sources */ = {isa = PBXBuildFile; fileRef = FD6E47872698A4A9004D879F /* FileService.swift */; };
		FD6E478D2698B17F004D879F /* WeatherAppError.swift in Sources */ = {isa = PBXBuildFile; fileRef = FD6E478C2698B17F004D879F /* WeatherAppError.swift */; };
		FD6E47932698B810004D879F /* LocSimA.gpx in Resources */ = {isa = PBXBuildFile; fileRef = FD6E47922698B810004D879F /* LocSimA.gpx */; };
		FD6E479B2698B860004D879F /* Cesme.gpx in Resources */ = {isa = PBXBuildFile; fileRef = FD6E479A2698B860004D879F /* Cesme.gpx */; };
		FD970227269CB7C50055F437 /* DateExtensions.swift in Sources */ = {isa = PBXBuildFile; fileRef = FD970226269CB7C50055F437 /* DateExtensions.swift */; };
		FD97022C269CBF030055F437 /* Ankara.gpx in Resources */ = {isa = PBXBuildFile; fileRef = FD97022B269CBF030055F437 /* Ankara.gpx */; };
		FDB79B68268F34E80043353B /* WeatherDetailInfoCollectionCell.swift in Sources */ = {isa = PBXBuildFile; fileRef = FDB79B66268F34E80043353B /* WeatherDetailInfoCollectionCell.swift */; };
		FDB79B69268F34E80043353B /* WeatherDetailInfoCollectionCell.xib in Resources */ = {isa = PBXBuildFile; fileRef = FDB79B67268F34E80043353B /* WeatherDetailInfoCollectionCell.xib */; };
		FDB79B73268F78D90043353B /* MainViewModel.swift in Sources */ = {isa = PBXBuildFile; fileRef = FDB79B72268F78D90043353B /* MainViewModel.swift */; };
		FDE98DEC2695B84500FD9E66 /* UIViewExtensions.swift in Sources */ = {isa = PBXBuildFile; fileRef = FDE98DEB2695B84500FD9E66 /* UIViewExtensions.swift */; };
		FDF050D12693194D00EF936A /* StringExtension.swift in Sources */ = {isa = PBXBuildFile; fileRef = FDF050D02693194D00EF936A /* StringExtension.swift */; };
		FDF050DA2693286200EF936A /* Configuration.swift in Sources */ = {isa = PBXBuildFile; fileRef = FDF050D92693286200EF936A /* Configuration.swift */; };
		FDF050DE26932B6900EF936A /* FuturaPTCondBook.otf in Resources */ = {isa = PBXBuildFile; fileRef = E8CAF59F268E5459000A29C1 /* FuturaPTCondBook.otf */; };
		FDF050DF26932B6900EF936A /* FuturaPTExtraBold.otf in Resources */ = {isa = PBXBuildFile; fileRef = E8CAF59C268E5459000A29C1 /* FuturaPTExtraBold.otf */; };
		FDF050E026932B6900EF936A /* FuturaPTCondMedium.otf in Resources */ = {isa = PBXBuildFile; fileRef = E8CAF597268E5458000A29C1 /* FuturaPTCondMedium.otf */; };
		FDF050E126932B6900EF936A /* FuturaPTBoldOblique.otf in Resources */ = {isa = PBXBuildFile; fileRef = E8CAF595268E5458000A29C1 /* FuturaPTBoldOblique.otf */; };
		FDF050E226932B6900EF936A /* FuturaPTCondBoldOblique.otf in Resources */ = {isa = PBXBuildFile; fileRef = E8CAF594268E5458000A29C1 /* FuturaPTCondBoldOblique.otf */; };
		FDF050E326932B6900EF936A /* FuturaPTCondMediumOblique.otf in Resources */ = {isa = PBXBuildFile; fileRef = E8CAF5A4268E5459000A29C1 /* FuturaPTCondMediumOblique.otf */; };
		FDF050E426932B6900EF936A /* FuturaPTDemiOblique.otf in Resources */ = {isa = PBXBuildFile; fileRef = E8CAF5A6268E5459000A29C1 /* FuturaPTDemiOblique.otf */; };
		FDF050E526932B6900EF936A /* FuturaPTCondBookOblique.otf in Resources */ = {isa = PBXBuildFile; fileRef = E8CAF5A5268E5459000A29C1 /* FuturaPTCondBookOblique.otf */; };
		FDF050E626932B6900EF936A /* FuturaPTBook.otf in Resources */ = {isa = PBXBuildFile; fileRef = E8CAF5A0268E5459000A29C1 /* FuturaPTBook.otf */; };
		FDF050E726932B6900EF936A /* FuturaPTCondExtraBold.otf in Resources */ = {isa = PBXBuildFile; fileRef = E8CAF59D268E5459000A29C1 /* FuturaPTCondExtraBold.otf */; };
		FDF050E826932B6900EF936A /* FuturaPTHeavyOblique.otf in Resources */ = {isa = PBXBuildFile; fileRef = E8CAF599268E5458000A29C1 /* FuturaPTHeavyOblique.otf */; };
		FDF050E926932B6900EF936A /* FuturaPTCondBold.otf in Resources */ = {isa = PBXBuildFile; fileRef = E8CAF596268E5458000A29C1 /* FuturaPTCondBold.otf */; };
		FDF050EA26932B6900EF936A /* FuturaPTMedium.otf in Resources */ = {isa = PBXBuildFile; fileRef = E8CAF5A3268E5459000A29C1 /* FuturaPTMedium.otf */; };
		FDF050EB26932B6900EF936A /* FuturaPTCondExtraBoldOblique.otf in Resources */ = {isa = PBXBuildFile; fileRef = E8CAF591268E5458000A29C1 /* FuturaPTCondExtraBoldOblique.otf */; };
		FDF050EC26932B6900EF936A /* FuturaPTLight.otf in Resources */ = {isa = PBXBuildFile; fileRef = E8CAF59B268E5459000A29C1 /* FuturaPTLight.otf */; };
		FDF050ED26932B6900EF936A /* FuturaPTBookOblique.otf in Resources */ = {isa = PBXBuildFile; fileRef = E8CAF593268E5458000A29C1 /* FuturaPTBookOblique.otf */; };
		FDF050EE26932B6900EF936A /* FuturaPTDemi.otf in Resources */ = {isa = PBXBuildFile; fileRef = E8CAF592268E5458000A29C1 /* FuturaPTDemi.otf */; };
		FDF050EF26932B6900EF936A /* FuturaPTLightOblique.otf in Resources */ = {isa = PBXBuildFile; fileRef = E8CAF59A268E5458000A29C1 /* FuturaPTLightOblique.otf */; };
		FDF050F026932B6900EF936A /* FuturaPTMediumOblique.otf in Resources */ = {isa = PBXBuildFile; fileRef = E8CAF5A1268E5459000A29C1 /* FuturaPTMediumOblique.otf */; };
		FDF050F126932B6900EF936A /* FuturaPTHeavy.otf in Resources */ = {isa = PBXBuildFile; fileRef = E8CAF598268E5458000A29C1 /* FuturaPTHeavy.otf */; };
		FDF050F226932B6900EF936A /* FuturaPTExtraBoldOblique.otf in Resources */ = {isa = PBXBuildFile; fileRef = E8CAF59E268E5459000A29C1 /* FuturaPTExtraBoldOblique.otf */; };
		FDF050F326932B6900EF936A /* FuturaPTBold.otf in Resources */ = {isa = PBXBuildFile; fileRef = E8CAF5A2268E5459000A29C1 /* FuturaPTBold.otf */; };
		FDF0511826939D7600EF936A /* MainIpadViewController.swift in Sources */ = {isa = PBXBuildFile; fileRef = FDF0511726939D7600EF936A /* MainIpadViewController.swift */; };
		FDF0512026939D9F00EF936A /* MainIpad.storyboard in Resources */ = {isa = PBXBuildFile; fileRef = FDF0511F26939D9F00EF936A /* MainIpad.storyboard */; };
		FDF051282693A23900EF936A /* ChildVC.swift in Sources */ = {isa = PBXBuildFile; fileRef = FDF051272693A23900EF936A /* ChildVC.swift */; };
		FDF8C98E26975797000E48A9 /* Network.swift in Sources */ = {isa = PBXBuildFile; fileRef = FDF8C98D26975797000E48A9 /* Network.swift */; };
/* End PBXBuildFile section */

/* Begin PBXContainerItemProxy section */
		E8873A8D268DCF36003702A5 /* PBXContainerItemProxy */ = {
			isa = PBXContainerItemProxy;
			containerPortal = E8873A6B268DCF2A003702A5 /* Project object */;
			proxyType = 1;
			remoteGlobalIDString = E8873A72268DCF2A003702A5;
			remoteInfo = WeatherApp;
		};
		E8873A98268DCF36003702A5 /* PBXContainerItemProxy */ = {
			isa = PBXContainerItemProxy;
			containerPortal = E8873A6B268DCF2A003702A5 /* Project object */;
			proxyType = 1;
			remoteGlobalIDString = E8873A72268DCF2A003702A5;
			remoteInfo = WeatherApp;
		};
/* End PBXContainerItemProxy section */

/* Begin PBXFileReference section */
		58DF7EC2AC03A2B98E3E10AF /* Pods-WeatherApp.release.xcconfig */ = {isa = PBXFileReference; includeInIndex = 1; lastKnownFileType = text.xcconfig; name = "Pods-WeatherApp.release.xcconfig"; path = "Target Support Files/Pods-WeatherApp/Pods-WeatherApp.release.xcconfig"; sourceTree = "<group>"; };
		6644F095C76D46B3FFD8EEBC /* Pods-WeatherApp-WeatherAppUITests.release.xcconfig */ = {isa = PBXFileReference; includeInIndex = 1; lastKnownFileType = text.xcconfig; name = "Pods-WeatherApp-WeatherAppUITests.release.xcconfig"; path = "Target Support Files/Pods-WeatherApp-WeatherAppUITests/Pods-WeatherApp-WeatherAppUITests.release.xcconfig"; sourceTree = "<group>"; };
		76E078D806327A73648992F4 /* Pods_WeatherApp_WeatherAppUITests.framework */ = {isa = PBXFileReference; explicitFileType = wrapper.framework; includeInIndex = 0; path = Pods_WeatherApp_WeatherAppUITests.framework; sourceTree = BUILT_PRODUCTS_DIR; };
		983082787EDF7C6B2EBF1690 /* Pods_WeatherAppTests.framework */ = {isa = PBXFileReference; explicitFileType = wrapper.framework; includeInIndex = 0; path = Pods_WeatherAppTests.framework; sourceTree = BUILT_PRODUCTS_DIR; };
		9DEC1DC8255B80ECAFAC6C1A /* Pods-WeatherApp.debug.xcconfig */ = {isa = PBXFileReference; includeInIndex = 1; lastKnownFileType = text.xcconfig; name = "Pods-WeatherApp.debug.xcconfig"; path = "Target Support Files/Pods-WeatherApp/Pods-WeatherApp.debug.xcconfig"; sourceTree = "<group>"; };
		A063D2134441573288D6D797 /* Pods-WeatherAppTests.debug.xcconfig */ = {isa = PBXFileReference; includeInIndex = 1; lastKnownFileType = text.xcconfig; name = "Pods-WeatherAppTests.debug.xcconfig"; path = "Target Support Files/Pods-WeatherAppTests/Pods-WeatherAppTests.debug.xcconfig"; sourceTree = "<group>"; };
		AC7060AB944D8937DCC4F231 /* Pods-WeatherAppTests.release.xcconfig */ = {isa = PBXFileReference; includeInIndex = 1; lastKnownFileType = text.xcconfig; name = "Pods-WeatherAppTests.release.xcconfig"; path = "Target Support Files/Pods-WeatherAppTests/Pods-WeatherAppTests.release.xcconfig"; sourceTree = "<group>"; };
		E80B29CD268DDB60007692E9 /* MainViewController.swift */ = {isa = PBXFileReference; lastKnownFileType = sourcecode.swift; path = MainViewController.swift; sourceTree = "<group>"; };
		E80B29D6268DDC62007692E9 /* WeatherDetailsInfoCell.xib */ = {isa = PBXFileReference; fileEncoding = 4; lastKnownFileType = file.xib; path = WeatherDetailsInfoCell.xib; sourceTree = "<group>"; };
		E80B29D7268DDC62007692E9 /* WeatherDetailsInfoCell.swift */ = {isa = PBXFileReference; fileEncoding = 4; lastKnownFileType = sourcecode.swift; path = WeatherDetailsInfoCell.swift; sourceTree = "<group>"; };
		E80B29D9268DDC62007692E9 /* WeatherHourlyCell.xib */ = {isa = PBXFileReference; fileEncoding = 4; lastKnownFileType = file.xib; path = WeatherHourlyCell.xib; sourceTree = "<group>"; };
		E80B29DA268DDC62007692E9 /* WeatherHourlyCell.swift */ = {isa = PBXFileReference; fileEncoding = 4; lastKnownFileType = sourcecode.swift; path = WeatherHourlyCell.swift; sourceTree = "<group>"; };
		E80B29DC268DDC62007692E9 /* NextDayCell.xib */ = {isa = PBXFileReference; fileEncoding = 4; lastKnownFileType = file.xib; path = NextDayCell.xib; sourceTree = "<group>"; };
		E80B29DD268DDC62007692E9 /* NextDayCell.swift */ = {isa = PBXFileReference; fileEncoding = 4; lastKnownFileType = sourcecode.swift; path = NextDayCell.swift; sourceTree = "<group>"; };
		E80B29DF268DDC62007692E9 /* CityNameCell.swift */ = {isa = PBXFileReference; fileEncoding = 4; lastKnownFileType = sourcecode.swift; path = CityNameCell.swift; sourceTree = "<group>"; };
		E80B29E0268DDC62007692E9 /* CityNameCell.xib */ = {isa = PBXFileReference; fileEncoding = 4; lastKnownFileType = file.xib; path = CityNameCell.xib; sourceTree = "<group>"; };
		E80B29E2268DDC62007692E9 /* WeatherInfoCell.xib */ = {isa = PBXFileReference; fileEncoding = 4; lastKnownFileType = file.xib; path = WeatherInfoCell.xib; sourceTree = "<group>"; };
		E80B29E3268DDC62007692E9 /* WeatherInfoCell.swift */ = {isa = PBXFileReference; fileEncoding = 4; lastKnownFileType = sourcecode.swift; path = WeatherInfoCell.swift; sourceTree = "<group>"; };
		E80B29F9268DDD95007692E9 /* APIService.swift */ = {isa = PBXFileReference; lastKnownFileType = sourcecode.swift; path = APIService.swift; sourceTree = "<group>"; };
		E80B29FF268DDE99007692E9 /* WeatherModel.swift */ = {isa = PBXFileReference; lastKnownFileType = sourcecode.swift; path = WeatherModel.swift; sourceTree = "<group>"; };
		E80DF85A268F55770073DD04 /* DaysViewController.swift */ = {isa = PBXFileReference; lastKnownFileType = sourcecode.swift; path = DaysViewController.swift; sourceTree = "<group>"; };
		E8644CA9269B155B00D2249C /* DaysTableViewCell.swift */ = {isa = PBXFileReference; lastKnownFileType = sourcecode.swift; path = DaysTableViewCell.swift; sourceTree = "<group>"; };
		E8644CAA269B155B00D2249C /* DaysTableViewCell.xib */ = {isa = PBXFileReference; lastKnownFileType = file.xib; path = DaysTableViewCell.xib; sourceTree = "<group>"; };
		E8873A73268DCF2A003702A5 /* WeatherApp.app */ = {isa = PBXFileReference; explicitFileType = wrapper.application; includeInIndex = 0; path = WeatherApp.app; sourceTree = BUILT_PRODUCTS_DIR; };
		E8873A76268DCF2A003702A5 /* AppDelegate.swift */ = {isa = PBXFileReference; lastKnownFileType = sourcecode.swift; path = AppDelegate.swift; sourceTree = "<group>"; };
		E8873A78268DCF2A003702A5 /* SceneDelegate.swift */ = {isa = PBXFileReference; lastKnownFileType = sourcecode.swift; path = SceneDelegate.swift; sourceTree = "<group>"; };
		E8873A7D268DCF2A003702A5 /* Base */ = {isa = PBXFileReference; lastKnownFileType = file.storyboard; name = Base; path = Base.lproj/Main.storyboard; sourceTree = "<group>"; };
		E8873A80268DCF2A003702A5 /* WeatherApp.xcdatamodel */ = {isa = PBXFileReference; lastKnownFileType = wrapper.xcdatamodel; path = WeatherApp.xcdatamodel; sourceTree = "<group>"; };
		E8873A82268DCF35003702A5 /* Assets.xcassets */ = {isa = PBXFileReference; lastKnownFileType = folder.assetcatalog; path = Assets.xcassets; sourceTree = "<group>"; };
		E8873A85268DCF35003702A5 /* Base */ = {isa = PBXFileReference; lastKnownFileType = file.storyboard; name = Base; path = Base.lproj/LaunchScreen.storyboard; sourceTree = "<group>"; };
		E8873A87268DCF35003702A5 /* Info.plist */ = {isa = PBXFileReference; lastKnownFileType = text.plist.xml; path = Info.plist; sourceTree = "<group>"; };
		E8873A8C268DCF36003702A5 /* WeatherAppTests.xctest */ = {isa = PBXFileReference; explicitFileType = wrapper.cfbundle; includeInIndex = 0; path = WeatherAppTests.xctest; sourceTree = BUILT_PRODUCTS_DIR; };
		E8873A90268DCF36003702A5 /* WeatherAppTests.swift */ = {isa = PBXFileReference; lastKnownFileType = sourcecode.swift; path = WeatherAppTests.swift; sourceTree = "<group>"; };
		E8873A92268DCF36003702A5 /* Info.plist */ = {isa = PBXFileReference; lastKnownFileType = text.plist.xml; path = Info.plist; sourceTree = "<group>"; };
		E8873A97268DCF36003702A5 /* WeatherAppUITests.xctest */ = {isa = PBXFileReference; explicitFileType = wrapper.cfbundle; includeInIndex = 0; path = WeatherAppUITests.xctest; sourceTree = BUILT_PRODUCTS_DIR; };
		E8873A9B268DCF36003702A5 /* WeatherAppUITests.swift */ = {isa = PBXFileReference; lastKnownFileType = sourcecode.swift; path = WeatherAppUITests.swift; sourceTree = "<group>"; };
		E8873A9D268DCF36003702A5 /* Info.plist */ = {isa = PBXFileReference; lastKnownFileType = text.plist.xml; path = Info.plist; sourceTree = "<group>"; };
		E8B77801269C9C9700636D10 /* DaysCollectionViewCell.swift */ = {isa = PBXFileReference; lastKnownFileType = sourcecode.swift; path = DaysCollectionViewCell.swift; sourceTree = "<group>"; };
		E8B77802269C9C9700636D10 /* DaysCollectionViewCell.xib */ = {isa = PBXFileReference; lastKnownFileType = file.xib; path = DaysCollectionViewCell.xib; sourceTree = "<group>"; };
		E8CAF51B268E0CE4000A29C1 /* WeatherHourCollectionViewCell.swift */ = {isa = PBXFileReference; lastKnownFileType = sourcecode.swift; path = WeatherHourCollectionViewCell.swift; sourceTree = "<group>"; };
		E8CAF51C268E0CE4000A29C1 /* WeatherHourCollectionViewCell.xib */ = {isa = PBXFileReference; lastKnownFileType = file.xib; path = WeatherHourCollectionViewCell.xib; sourceTree = "<group>"; };
		E8CAF591268E5458000A29C1 /* FuturaPTCondExtraBoldOblique.otf */ = {isa = PBXFileReference; lastKnownFileType = file; path = FuturaPTCondExtraBoldOblique.otf; sourceTree = "<group>"; };
		E8CAF592268E5458000A29C1 /* FuturaPTDemi.otf */ = {isa = PBXFileReference; lastKnownFileType = file; path = FuturaPTDemi.otf; sourceTree = "<group>"; };
		E8CAF593268E5458000A29C1 /* FuturaPTBookOblique.otf */ = {isa = PBXFileReference; lastKnownFileType = file; path = FuturaPTBookOblique.otf; sourceTree = "<group>"; };
		E8CAF594268E5458000A29C1 /* FuturaPTCondBoldOblique.otf */ = {isa = PBXFileReference; lastKnownFileType = file; path = FuturaPTCondBoldOblique.otf; sourceTree = "<group>"; };
		E8CAF595268E5458000A29C1 /* FuturaPTBoldOblique.otf */ = {isa = PBXFileReference; lastKnownFileType = file; path = FuturaPTBoldOblique.otf; sourceTree = "<group>"; };
		E8CAF596268E5458000A29C1 /* FuturaPTCondBold.otf */ = {isa = PBXFileReference; lastKnownFileType = file; path = FuturaPTCondBold.otf; sourceTree = "<group>"; };
		E8CAF597268E5458000A29C1 /* FuturaPTCondMedium.otf */ = {isa = PBXFileReference; lastKnownFileType = file; path = FuturaPTCondMedium.otf; sourceTree = "<group>"; };
		E8CAF598268E5458000A29C1 /* FuturaPTHeavy.otf */ = {isa = PBXFileReference; lastKnownFileType = file; path = FuturaPTHeavy.otf; sourceTree = "<group>"; };
		E8CAF599268E5458000A29C1 /* FuturaPTHeavyOblique.otf */ = {isa = PBXFileReference; lastKnownFileType = file; path = FuturaPTHeavyOblique.otf; sourceTree = "<group>"; };
		E8CAF59A268E5458000A29C1 /* FuturaPTLightOblique.otf */ = {isa = PBXFileReference; lastKnownFileType = file; path = FuturaPTLightOblique.otf; sourceTree = "<group>"; };
		E8CAF59B268E5459000A29C1 /* FuturaPTLight.otf */ = {isa = PBXFileReference; lastKnownFileType = file; path = FuturaPTLight.otf; sourceTree = "<group>"; };
		E8CAF59C268E5459000A29C1 /* FuturaPTExtraBold.otf */ = {isa = PBXFileReference; lastKnownFileType = file; path = FuturaPTExtraBold.otf; sourceTree = "<group>"; };
		E8CAF59D268E5459000A29C1 /* FuturaPTCondExtraBold.otf */ = {isa = PBXFileReference; lastKnownFileType = file; path = FuturaPTCondExtraBold.otf; sourceTree = "<group>"; };
		E8CAF59E268E5459000A29C1 /* FuturaPTExtraBoldOblique.otf */ = {isa = PBXFileReference; lastKnownFileType = file; path = FuturaPTExtraBoldOblique.otf; sourceTree = "<group>"; };
		E8CAF59F268E5459000A29C1 /* FuturaPTCondBook.otf */ = {isa = PBXFileReference; lastKnownFileType = file; path = FuturaPTCondBook.otf; sourceTree = "<group>"; };
		E8CAF5A0268E5459000A29C1 /* FuturaPTBook.otf */ = {isa = PBXFileReference; lastKnownFileType = file; path = FuturaPTBook.otf; sourceTree = "<group>"; };
		E8CAF5A1268E5459000A29C1 /* FuturaPTMediumOblique.otf */ = {isa = PBXFileReference; lastKnownFileType = file; path = FuturaPTMediumOblique.otf; sourceTree = "<group>"; };
		E8CAF5A2268E5459000A29C1 /* FuturaPTBold.otf */ = {isa = PBXFileReference; lastKnownFileType = file; path = FuturaPTBold.otf; sourceTree = "<group>"; };
		E8CAF5A3268E5459000A29C1 /* FuturaPTMedium.otf */ = {isa = PBXFileReference; lastKnownFileType = file; path = FuturaPTMedium.otf; sourceTree = "<group>"; };
		E8CAF5A4268E5459000A29C1 /* FuturaPTCondMediumOblique.otf */ = {isa = PBXFileReference; lastKnownFileType = file; path = FuturaPTCondMediumOblique.otf; sourceTree = "<group>"; };
		E8CAF5A5268E5459000A29C1 /* FuturaPTCondBookOblique.otf */ = {isa = PBXFileReference; lastKnownFileType = file; path = FuturaPTCondBookOblique.otf; sourceTree = "<group>"; };
		E8CAF5A6268E5459000A29C1 /* FuturaPTDemiOblique.otf */ = {isa = PBXFileReference; lastKnownFileType = file; path = FuturaPTDemiOblique.otf; sourceTree = "<group>"; };
		F2962EF1D99A008ED312D352 /* Pods_WeatherApp.framework */ = {isa = PBXFileReference; explicitFileType = wrapper.framework; includeInIndex = 0; path = Pods_WeatherApp.framework; sourceTree = BUILT_PRODUCTS_DIR; };
		FBDDFCC3A3DC7EB76FFC3E56 /* Pods-WeatherApp-WeatherAppUITests.debug.xcconfig */ = {isa = PBXFileReference; includeInIndex = 1; lastKnownFileType = text.xcconfig; name = "Pods-WeatherApp-WeatherAppUITests.debug.xcconfig"; path = "Target Support Files/Pods-WeatherApp-WeatherAppUITests/Pods-WeatherApp-WeatherAppUITests.debug.xcconfig"; sourceTree = "<group>"; };
		FD6E477126989B54004D879F /* ToastView.swift */ = {isa = PBXFileReference; lastKnownFileType = sourcecode.swift; path = ToastView.swift; sourceTree = "<group>"; };
		FD6E47792698A13F004D879F /* UIViewControllerExtensions.swift */ = {isa = PBXFileReference; lastKnownFileType = sourcecode.swift; path = UIViewControllerExtensions.swift; sourceTree = "<group>"; };
		FD6E477F2698A456004D879F /* DataLayer.swift */ = {isa = PBXFileReference; lastKnownFileType = sourcecode.swift; path = DataLayer.swift; sourceTree = "<group>"; };
		FD6E47872698A4A9004D879F /* FileService.swift */ = {isa = PBXFileReference; lastKnownFileType = sourcecode.swift; path = FileService.swift; sourceTree = "<group>"; };
		FD6E478C2698B17F004D879F /* WeatherAppError.swift */ = {isa = PBXFileReference; lastKnownFileType = sourcecode.swift; path = WeatherAppError.swift; sourceTree = "<group>"; };
		FD6E47922698B810004D879F /* LocSimA.gpx */ = {isa = PBXFileReference; lastKnownFileType = text.xml; path = LocSimA.gpx; sourceTree = "<group>"; };
		FD6E479A2698B860004D879F /* Cesme.gpx */ = {isa = PBXFileReference; lastKnownFileType = text.xml; path = Cesme.gpx; sourceTree = "<group>"; };
		FD970226269CB7C50055F437 /* DateExtensions.swift */ = {isa = PBXFileReference; lastKnownFileType = sourcecode.swift; path = DateExtensions.swift; sourceTree = "<group>"; };
		FD97022B269CBF030055F437 /* Ankara.gpx */ = {isa = PBXFileReference; lastKnownFileType = text.xml; path = Ankara.gpx; sourceTree = "<group>"; };
		FDB79B66268F34E80043353B /* WeatherDetailInfoCollectionCell.swift */ = {isa = PBXFileReference; lastKnownFileType = sourcecode.swift; path = WeatherDetailInfoCollectionCell.swift; sourceTree = "<group>"; };
		FDB79B67268F34E80043353B /* WeatherDetailInfoCollectionCell.xib */ = {isa = PBXFileReference; lastKnownFileType = file.xib; path = WeatherDetailInfoCollectionCell.xib; sourceTree = "<group>"; };
		FDB79B72268F78D90043353B /* MainViewModel.swift */ = {isa = PBXFileReference; lastKnownFileType = sourcecode.swift; path = MainViewModel.swift; sourceTree = "<group>"; };
		FDE98DEB2695B84500FD9E66 /* UIViewExtensions.swift */ = {isa = PBXFileReference; lastKnownFileType = sourcecode.swift; path = UIViewExtensions.swift; sourceTree = "<group>"; };
		FDF050D02693194D00EF936A /* StringExtension.swift */ = {isa = PBXFileReference; lastKnownFileType = sourcecode.swift; path = StringExtension.swift; sourceTree = "<group>"; };
		FDF050D92693286200EF936A /* Configuration.swift */ = {isa = PBXFileReference; lastKnownFileType = sourcecode.swift; path = Configuration.swift; sourceTree = "<group>"; };
		FDF0511726939D7600EF936A /* MainIpadViewController.swift */ = {isa = PBXFileReference; lastKnownFileType = sourcecode.swift; path = MainIpadViewController.swift; sourceTree = "<group>"; };
		FDF0511F26939D9F00EF936A /* MainIpad.storyboard */ = {isa = PBXFileReference; lastKnownFileType = file.storyboard; path = MainIpad.storyboard; sourceTree = "<group>"; };
		FDF051272693A23900EF936A /* ChildVC.swift */ = {isa = PBXFileReference; lastKnownFileType = sourcecode.swift; path = ChildVC.swift; sourceTree = "<group>"; };
		FDF8C98D26975797000E48A9 /* Network.swift */ = {isa = PBXFileReference; lastKnownFileType = sourcecode.swift; path = Network.swift; sourceTree = "<group>"; };
/* End PBXFileReference section */

/* Begin PBXFrameworksBuildPhase section */
		E8873A70268DCF2A003702A5 /* Frameworks */ = {
			isa = PBXFrameworksBuildPhase;
			buildActionMask = 2147483647;
			files = (
				47F6880F896EC29959E662C2 /* Pods_WeatherApp.framework in Frameworks */,
			);
			runOnlyForDeploymentPostprocessing = 0;
		};
		E8873A89268DCF36003702A5 /* Frameworks */ = {
			isa = PBXFrameworksBuildPhase;
			buildActionMask = 2147483647;
			files = (
				4B06173F568D40B83B61C512 /* Pods_WeatherAppTests.framework in Frameworks */,
			);
			runOnlyForDeploymentPostprocessing = 0;
		};
		E8873A94268DCF36003702A5 /* Frameworks */ = {
			isa = PBXFrameworksBuildPhase;
			buildActionMask = 2147483647;
			files = (
				F42B4C87AA5F970EBED36B1B /* Pods_WeatherApp_WeatherAppUITests.framework in Frameworks */,
			);
			runOnlyForDeploymentPostprocessing = 0;
		};
/* End PBXFrameworksBuildPhase section */

/* Begin PBXGroup section */
		32117D6A5411667DE2F8F777 /* Pods */ = {
			isa = PBXGroup;
			children = (
				9DEC1DC8255B80ECAFAC6C1A /* Pods-WeatherApp.debug.xcconfig */,
				58DF7EC2AC03A2B98E3E10AF /* Pods-WeatherApp.release.xcconfig */,
				FBDDFCC3A3DC7EB76FFC3E56 /* Pods-WeatherApp-WeatherAppUITests.debug.xcconfig */,
				6644F095C76D46B3FFD8EEBC /* Pods-WeatherApp-WeatherAppUITests.release.xcconfig */,
				A063D2134441573288D6D797 /* Pods-WeatherAppTests.debug.xcconfig */,
				AC7060AB944D8937DCC4F231 /* Pods-WeatherAppTests.release.xcconfig */,
			);
			path = Pods;
			sourceTree = "<group>";
		};
		C3345A921AD10114F06CFFFD /* Frameworks */ = {
			isa = PBXGroup;
			children = (
				F2962EF1D99A008ED312D352 /* Pods_WeatherApp.framework */,
				76E078D806327A73648992F4 /* Pods_WeatherApp_WeatherAppUITests.framework */,
				983082787EDF7C6B2EBF1690 /* Pods_WeatherAppTests.framework */,
			);
			name = Frameworks;
			sourceTree = "<group>";
		};
		E80B29D5268DDC62007692E9 /* WeatherDetailsInfo */ = {
			isa = PBXGroup;
			children = (
				FDB79B62268F341F0043353B /* WeatherDetailInfoCollectionCell */,
				E80B29D6268DDC62007692E9 /* WeatherDetailsInfoCell.xib */,
				E80B29D7268DDC62007692E9 /* WeatherDetailsInfoCell.swift */,
			);
			path = WeatherDetailsInfo;
			sourceTree = "<group>";
		};
		E80B29D8268DDC62007692E9 /* WeatherHourlyCell */ = {
			isa = PBXGroup;
			children = (
				E8CAF51A268E0CB0000A29C1 /* WeatherHourCollectionViewCell */,
				E80B29D9268DDC62007692E9 /* WeatherHourlyCell.xib */,
				E80B29DA268DDC62007692E9 /* WeatherHourlyCell.swift */,
			);
			path = WeatherHourlyCell;
			sourceTree = "<group>";
		};
		E80B29DB268DDC62007692E9 /* NextDayCell */ = {
			isa = PBXGroup;
			children = (
				E80B29DC268DDC62007692E9 /* NextDayCell.xib */,
				E80B29DD268DDC62007692E9 /* NextDayCell.swift */,
			);
			path = NextDayCell;
			sourceTree = "<group>";
		};
		E80B29DE268DDC62007692E9 /* CityNameCell */ = {
			isa = PBXGroup;
			children = (
				E80B29DF268DDC62007692E9 /* CityNameCell.swift */,
				E80B29E0268DDC62007692E9 /* CityNameCell.xib */,
			);
			path = CityNameCell;
			sourceTree = "<group>";
		};
		E80B29E1268DDC62007692E9 /* WeatherInfoCell */ = {
			isa = PBXGroup;
			children = (
				E80B29E2268DDC62007692E9 /* WeatherInfoCell.xib */,
				E80B29E3268DDC62007692E9 /* WeatherInfoCell.swift */,
			);
			path = WeatherInfoCell;
			sourceTree = "<group>";
		};
		E80B29F1268DDC68007692E9 /* Cell */ = {
			isa = PBXGroup;
			children = (
				E8644CA8269B154500D2249C /* DaysCell */,
				E80B29E1268DDC62007692E9 /* WeatherInfoCell */,
				E80B29D8268DDC62007692E9 /* WeatherHourlyCell */,
				E80B29D5268DDC62007692E9 /* WeatherDetailsInfo */,
				E80B29DB268DDC62007692E9 /* NextDayCell */,
				E80B29DE268DDC62007692E9 /* CityNameCell */,
			);
			name = Cell;
			sourceTree = "<group>";
		};
		E80B29F8268DDD7F007692E9 /* API */ = {
			isa = PBXGroup;
			children = (
				E80B29F9268DDD95007692E9 /* APIService.swift */,
			);
			name = API;
			sourceTree = "<group>";
		};
		E80B29FE268DDE89007692E9 /* Models */ = {
			isa = PBXGroup;
			children = (
				E80B29FF268DDE99007692E9 /* WeatherModel.swift */,
			);
			name = Models;
			sourceTree = "<group>";
		};
		E80B2A04268DE3B0007692E9 /* Fonts */ = {
			isa = PBXGroup;
			children = (
				E8CAF5A2268E5459000A29C1 /* FuturaPTBold.otf */,
				E8CAF595268E5458000A29C1 /* FuturaPTBoldOblique.otf */,
				E8CAF5A0268E5459000A29C1 /* FuturaPTBook.otf */,
				E8CAF593268E5458000A29C1 /* FuturaPTBookOblique.otf */,
				E8CAF596268E5458000A29C1 /* FuturaPTCondBold.otf */,
				E8CAF594268E5458000A29C1 /* FuturaPTCondBoldOblique.otf */,
				E8CAF59F268E5459000A29C1 /* FuturaPTCondBook.otf */,
				E8CAF5A5268E5459000A29C1 /* FuturaPTCondBookOblique.otf */,
				E8CAF59D268E5459000A29C1 /* FuturaPTCondExtraBold.otf */,
				E8CAF591268E5458000A29C1 /* FuturaPTCondExtraBoldOblique.otf */,
				E8CAF597268E5458000A29C1 /* FuturaPTCondMedium.otf */,
				E8CAF5A4268E5459000A29C1 /* FuturaPTCondMediumOblique.otf */,
				E8CAF592268E5458000A29C1 /* FuturaPTDemi.otf */,
				E8CAF5A6268E5459000A29C1 /* FuturaPTDemiOblique.otf */,
				E8CAF59C268E5459000A29C1 /* FuturaPTExtraBold.otf */,
				E8CAF59E268E5459000A29C1 /* FuturaPTExtraBoldOblique.otf */,
				E8CAF598268E5458000A29C1 /* FuturaPTHeavy.otf */,
				E8CAF599268E5458000A29C1 /* FuturaPTHeavyOblique.otf */,
				E8CAF59B268E5459000A29C1 /* FuturaPTLight.otf */,
				E8CAF59A268E5458000A29C1 /* FuturaPTLightOblique.otf */,
				E8CAF5A3268E5459000A29C1 /* FuturaPTMedium.otf */,
				E8CAF5A1268E5459000A29C1 /* FuturaPTMediumOblique.otf */,
			);
			name = Fonts;
			sourceTree = "<group>";
		};
		E8644CA8269B154500D2249C /* DaysCell */ = {
			isa = PBXGroup;
			children = (
				E8B77808269C9E8B00636D10 /* DaysCollectionCell */,
				E8644CA9269B155B00D2249C /* DaysTableViewCell.swift */,
				E8644CAA269B155B00D2249C /* DaysTableViewCell.xib */,
			);
			name = DaysCell;
			sourceTree = "<group>";
		};
		E8873A6A268DCF2A003702A5 = {
			isa = PBXGroup;
			children = (
				E8873A75268DCF2A003702A5 /* WeatherApp */,
				E8873A8F268DCF36003702A5 /* WeatherAppTests */,
				E8873A9A268DCF36003702A5 /* WeatherAppUITests */,
				E8873A74268DCF2A003702A5 /* Products */,
				32117D6A5411667DE2F8F777 /* Pods */,
				C3345A921AD10114F06CFFFD /* Frameworks */,
			);
			sourceTree = "<group>";
		};
		E8873A74268DCF2A003702A5 /* Products */ = {
			isa = PBXGroup;
			children = (
				E8873A73268DCF2A003702A5 /* WeatherApp.app */,
				E8873A8C268DCF36003702A5 /* WeatherAppTests.xctest */,
				E8873A97268DCF36003702A5 /* WeatherAppUITests.xctest */,
			);
			name = Products;
			sourceTree = "<group>";
		};
		E8873A75268DCF2A003702A5 /* WeatherApp */ = {
			isa = PBXGroup;
			children = (
				FD6E47912698B7E9004D879F /* LocationData */,
				FD6E477E2698A447004D879F /* DataLayer */,
				FD6E477026989B45004D879F /* Views */,
				FDF8C98C26975771000E48A9 /* Helper */,
				FDF0510A26939D2D00EF936A /* ViewModel */,
				FDF050D82693285400EF936A /* Configuration */,
				FDF050CF269318F900EF936A /* Extension */,
				E80B2A04268DE3B0007692E9 /* Fonts */,
				E80B29FE268DDE89007692E9 /* Models */,
				E80B29F8268DDD7F007692E9 /* API */,
				E80B29F1268DDC68007692E9 /* Cell */,
				FDB79B70268F78610043353B /* ViewControllers */,
				E8873A76268DCF2A003702A5 /* AppDelegate.swift */,
				E8873A82268DCF35003702A5 /* Assets.xcassets */,
				E8873A78268DCF2A003702A5 /* SceneDelegate.swift */,
				E8873A7C268DCF2A003702A5 /* Main.storyboard */,
				FDF0511F26939D9F00EF936A /* MainIpad.storyboard */,
				E8873A84268DCF35003702A5 /* LaunchScreen.storyboard */,
				E8873A87268DCF35003702A5 /* Info.plist */,
				E8873A7F268DCF2A003702A5 /* WeatherApp.xcdatamodeld */,
			);
			path = WeatherApp;
			sourceTree = "<group>";
		};
		E8873A8F268DCF36003702A5 /* WeatherAppTests */ = {
			isa = PBXGroup;
			children = (
				E8873A90268DCF36003702A5 /* WeatherAppTests.swift */,
				E8873A92268DCF36003702A5 /* Info.plist */,
			);
			path = WeatherAppTests;
			sourceTree = "<group>";
		};
		E8873A9A268DCF36003702A5 /* WeatherAppUITests */ = {
			isa = PBXGroup;
			children = (
				E8873A9B268DCF36003702A5 /* WeatherAppUITests.swift */,
				E8873A9D268DCF36003702A5 /* Info.plist */,
			);
			path = WeatherAppUITests;
			sourceTree = "<group>";
		};
		E8B77808269C9E8B00636D10 /* DaysCollectionCell */ = {
			isa = PBXGroup;
			children = (
				E8B77801269C9C9700636D10 /* DaysCollectionViewCell.swift */,
				E8B77802269C9C9700636D10 /* DaysCollectionViewCell.xib */,
			);
			name = DaysCollectionCell;
			sourceTree = "<group>";
		};
		E8CAF51A268E0CB0000A29C1 /* WeatherHourCollectionViewCell */ = {
			isa = PBXGroup;
			children = (
				E8CAF51B268E0CE4000A29C1 /* WeatherHourCollectionViewCell.swift */,
				E8CAF51C268E0CE4000A29C1 /* WeatherHourCollectionViewCell.xib */,
			);
			path = WeatherHourCollectionViewCell;
			sourceTree = "<group>";
		};
		FD6E477026989B45004D879F /* Views */ = {
			isa = PBXGroup;
			children = (
				FD6E477126989B54004D879F /* ToastView.swift */,
			);
			name = Views;
			sourceTree = "<group>";
		};
		FD6E477E2698A447004D879F /* DataLayer */ = {
			isa = PBXGroup;
			children = (
				FD6E477F2698A456004D879F /* DataLayer.swift */,
				FD6E47872698A4A9004D879F /* FileService.swift */,
			);
			name = DataLayer;
			sourceTree = "<group>";
		};
		FD6E47912698B7E9004D879F /* LocationData */ = {
			isa = PBXGroup;
			children = (
				FD6E47922698B810004D879F /* LocSimA.gpx */,
				FD6E479A2698B860004D879F /* Cesme.gpx */,
				FD97022B269CBF030055F437 /* Ankara.gpx */,
			);
			name = LocationData;
			sourceTree = "<group>";
		};
		FDB79B62268F341F0043353B /* WeatherDetailInfoCollectionCell */ = {
			isa = PBXGroup;
			children = (
				FDB79B66268F34E80043353B /* WeatherDetailInfoCollectionCell.swift */,
				FDB79B67268F34E80043353B /* WeatherDetailInfoCollectionCell.xib */,
			);
			path = WeatherDetailInfoCollectionCell;
			sourceTree = "<group>";
		};
		FDB79B70268F78610043353B /* ViewControllers */ = {
			isa = PBXGroup;
			children = (
				FDF0511526939D4E00EF936A /* Ipad */,
				FDF0511426939D4500EF936A /* Iphone */,
			);
			name = ViewControllers;
			sourceTree = "<group>";
		};
		FDB79B71268F787A0043353B /* MainViewController */ = {
			isa = PBXGroup;
			children = (
				E80B29CD268DDB60007692E9 /* MainViewController.swift */,
			);
			name = MainViewController;
			sourceTree = "<group>";
		};
		FDB79B7B268F79500043353B /* DaysViewController */ = {
			isa = PBXGroup;
			children = (
				E80DF85A268F55770073DD04 /* DaysViewController.swift */,
			);
			name = DaysViewController;
			sourceTree = "<group>";
		};
		FDF050CF269318F900EF936A /* Extension */ = {
			isa = PBXGroup;
			children = (
				FDF050D02693194D00EF936A /* StringExtension.swift */,
				FDE98DEB2695B84500FD9E66 /* UIViewExtensions.swift */,
				FD6E47792698A13F004D879F /* UIViewControllerExtensions.swift */,
				FD970226269CB7C50055F437 /* DateExtensions.swift */,
			);
			name = Extension;
			sourceTree = "<group>";
		};
		FDF050D82693285400EF936A /* Configuration */ = {
			isa = PBXGroup;
			children = (
				FDF050D92693286200EF936A /* Configuration.swift */,
			);
			name = Configuration;
			sourceTree = "<group>";
		};
		FDF0510A26939D2D00EF936A /* ViewModel */ = {
			isa = PBXGroup;
			children = (
				FDB79B72268F78D90043353B /* MainViewModel.swift */,
			);
			name = ViewModel;
			sourceTree = "<group>";
		};
		FDF0511426939D4500EF936A /* Iphone */ = {
			isa = PBXGroup;
			children = (
				FDB79B71268F787A0043353B /* MainViewController */,
				FDB79B7B268F79500043353B /* DaysViewController */,
			);
			name = Iphone;
			sourceTree = "<group>";
		};
		FDF0511526939D4E00EF936A /* Ipad */ = {
			isa = PBXGroup;
			children = (
				FDF0511626939D5A00EF936A /* MainIpadViewController */,
				FDF051272693A23900EF936A /* ChildVC.swift */,
			);
			name = Ipad;
			sourceTree = "<group>";
		};
		FDF0511626939D5A00EF936A /* MainIpadViewController */ = {
			isa = PBXGroup;
			children = (
				FDF0511726939D7600EF936A /* MainIpadViewController.swift */,
			);
			name = MainIpadViewController;
			sourceTree = "<group>";
		};
		FDF8C98C26975771000E48A9 /* Helper */ = {
			isa = PBXGroup;
			children = (
				FDF8C98D26975797000E48A9 /* Network.swift */,
				FD6E478C2698B17F004D879F /* WeatherAppError.swift */,
			);
			name = Helper;
			sourceTree = "<group>";
		};
/* End PBXGroup section */

/* Begin PBXNativeTarget section */
		E8873A72268DCF2A003702A5 /* WeatherApp */ = {
			isa = PBXNativeTarget;
			buildConfigurationList = E8873AA0268DCF36003702A5 /* Build configuration list for PBXNativeTarget "WeatherApp" */;
			buildPhases = (
				DF34D834E912DE522341D792 /* [CP] Check Pods Manifest.lock */,
				E8873A6F268DCF2A003702A5 /* Sources */,
				E8873A70268DCF2A003702A5 /* Frameworks */,
				E8873A71268DCF2A003702A5 /* Resources */,
				EC4D5EE218DA0F64ECB5D09D /* [CP] Embed Pods Frameworks */,
			);
			buildRules = (
			);
			dependencies = (
			);
			name = WeatherApp;
			productName = WeatherApp;
			productReference = E8873A73268DCF2A003702A5 /* WeatherApp.app */;
			productType = "com.apple.product-type.application";
		};
		E8873A8B268DCF36003702A5 /* WeatherAppTests */ = {
			isa = PBXNativeTarget;
			buildConfigurationList = E8873AA3268DCF36003702A5 /* Build configuration list for PBXNativeTarget "WeatherAppTests" */;
			buildPhases = (
				5C9BA6FDEBE606038C24D29A /* [CP] Check Pods Manifest.lock */,
				E8873A88268DCF36003702A5 /* Sources */,
				E8873A89268DCF36003702A5 /* Frameworks */,
				E8873A8A268DCF36003702A5 /* Resources */,
			);
			buildRules = (
			);
			dependencies = (
				E8873A8E268DCF36003702A5 /* PBXTargetDependency */,
			);
			name = WeatherAppTests;
			productName = WeatherAppTests;
			productReference = E8873A8C268DCF36003702A5 /* WeatherAppTests.xctest */;
			productType = "com.apple.product-type.bundle.unit-test";
		};
		E8873A96268DCF36003702A5 /* WeatherAppUITests */ = {
			isa = PBXNativeTarget;
			buildConfigurationList = E8873AA6268DCF36003702A5 /* Build configuration list for PBXNativeTarget "WeatherAppUITests" */;
			buildPhases = (
				A0A069CD2B0227A37FF1C9B1 /* [CP] Check Pods Manifest.lock */,
				E8873A93268DCF36003702A5 /* Sources */,
				E8873A94268DCF36003702A5 /* Frameworks */,
				E8873A95268DCF36003702A5 /* Resources */,
				4B7BD3351239AE85551A182B /* [CP] Embed Pods Frameworks */,
			);
			buildRules = (
			);
			dependencies = (
				E8873A99268DCF36003702A5 /* PBXTargetDependency */,
			);
			name = WeatherAppUITests;
			productName = WeatherAppUITests;
			productReference = E8873A97268DCF36003702A5 /* WeatherAppUITests.xctest */;
			productType = "com.apple.product-type.bundle.ui-testing";
		};
/* End PBXNativeTarget section */

/* Begin PBXProject section */
		E8873A6B268DCF2A003702A5 /* Project object */ = {
			isa = PBXProject;
			attributes = {
				LastSwiftUpdateCheck = 1240;
				LastUpgradeCheck = 1240;
				TargetAttributes = {
					E8873A72268DCF2A003702A5 = {
						CreatedOnToolsVersion = 12.4;
					};
					E8873A8B268DCF36003702A5 = {
						CreatedOnToolsVersion = 12.4;
						TestTargetID = E8873A72268DCF2A003702A5;
					};
					E8873A96268DCF36003702A5 = {
						CreatedOnToolsVersion = 12.4;
						TestTargetID = E8873A72268DCF2A003702A5;
					};
				};
			};
			buildConfigurationList = E8873A6E268DCF2A003702A5 /* Build configuration list for PBXProject "WeatherApp" */;
			compatibilityVersion = "Xcode 9.3";
			developmentRegion = en;
			hasScannedForEncodings = 0;
			knownRegions = (
				en,
				Base,
			);
			mainGroup = E8873A6A268DCF2A003702A5;
			productRefGroup = E8873A74268DCF2A003702A5 /* Products */;
			projectDirPath = "";
			projectRoot = "";
			targets = (
				E8873A72268DCF2A003702A5 /* WeatherApp */,
				E8873A8B268DCF36003702A5 /* WeatherAppTests */,
				E8873A96268DCF36003702A5 /* WeatherAppUITests */,
			);
		};
/* End PBXProject section */

/* Begin PBXResourcesBuildPhase section */
		E8873A71268DCF2A003702A5 /* Resources */ = {
			isa = PBXResourcesBuildPhase;
			buildActionMask = 2147483647;
			files = (
				FDF050E826932B6900EF936A /* FuturaPTHeavyOblique.otf in Resources */,
				FDF050EE26932B6900EF936A /* FuturaPTDemi.otf in Resources */,
				FDF050EA26932B6900EF936A /* FuturaPTMedium.otf in Resources */,
				FDF050F326932B6900EF936A /* FuturaPTBold.otf in Resources */,
				FDF050E026932B6900EF936A /* FuturaPTCondMedium.otf in Resources */,
				FD97022C269CBF030055F437 /* Ankara.gpx in Resources */,
				FD6E479B2698B860004D879F /* Cesme.gpx in Resources */,
				E80B29EC268DDC62007692E9 /* WeatherInfoCell.xib in Resources */,
				FDF050F026932B6900EF936A /* FuturaPTMediumOblique.otf in Resources */,
				FDF050EC26932B6900EF936A /* FuturaPTLight.otf in Resources */,
				FDF050F226932B6900EF936A /* FuturaPTExtraBoldOblique.otf in Resources */,
				FDB79B69268F34E80043353B /* WeatherDetailInfoCollectionCell.xib in Resources */,
				FDF050E526932B6900EF936A /* FuturaPTCondBookOblique.otf in Resources */,
				E8873A86268DCF35003702A5 /* LaunchScreen.storyboard in Resources */,
				FD6E47932698B810004D879F /* LocSimA.gpx in Resources */,
				E80B29EB268DDC62007692E9 /* CityNameCell.xib in Resources */,
				FDF050E326932B6900EF936A /* FuturaPTCondMediumOblique.otf in Resources */,
				FDF050E426932B6900EF936A /* FuturaPTDemiOblique.otf in Resources */,
				FDF050ED26932B6900EF936A /* FuturaPTBookOblique.otf in Resources */,
				E8644CAC269B155B00D2249C /* DaysTableViewCell.xib in Resources */,
				FDF050E726932B6900EF936A /* FuturaPTCondExtraBold.otf in Resources */,
				FDF050E626932B6900EF936A /* FuturaPTBook.otf in Resources */,
				E80B29E4268DDC62007692E9 /* WeatherDetailsInfoCell.xib in Resources */,
				E8873A83268DCF35003702A5 /* Assets.xcassets in Resources */,
				FDF050E926932B6900EF936A /* FuturaPTCondBold.otf in Resources */,
				E80B29E8268DDC62007692E9 /* NextDayCell.xib in Resources */,
				FDF050EB26932B6900EF936A /* FuturaPTCondExtraBoldOblique.otf in Resources */,
				E80B29E6268DDC62007692E9 /* WeatherHourlyCell.xib in Resources */,
				FDF0512026939D9F00EF936A /* MainIpad.storyboard in Resources */,
				FDF050DF26932B6900EF936A /* FuturaPTExtraBold.otf in Resources */,
				FDF050DE26932B6900EF936A /* FuturaPTCondBook.otf in Resources */,
				E8B77804269C9C9700636D10 /* DaysCollectionViewCell.xib in Resources */,
				FDF050EF26932B6900EF936A /* FuturaPTLightOblique.otf in Resources */,
				FDF050E226932B6900EF936A /* FuturaPTCondBoldOblique.otf in Resources */,
				FDF050F126932B6900EF936A /* FuturaPTHeavy.otf in Resources */,
				E8873A7E268DCF2A003702A5 /* Main.storyboard in Resources */,
				E8CAF51E268E0CE4000A29C1 /* WeatherHourCollectionViewCell.xib in Resources */,
				FDF050E126932B6900EF936A /* FuturaPTBoldOblique.otf in Resources */,
			);
			runOnlyForDeploymentPostprocessing = 0;
		};
		E8873A8A268DCF36003702A5 /* Resources */ = {
			isa = PBXResourcesBuildPhase;
			buildActionMask = 2147483647;
			files = (
			);
			runOnlyForDeploymentPostprocessing = 0;
		};
		E8873A95268DCF36003702A5 /* Resources */ = {
			isa = PBXResourcesBuildPhase;
			buildActionMask = 2147483647;
			files = (
			);
			runOnlyForDeploymentPostprocessing = 0;
		};
/* End PBXResourcesBuildPhase section */

/* Begin PBXShellScriptBuildPhase section */
		4B7BD3351239AE85551A182B /* [CP] Embed Pods Frameworks */ = {
			isa = PBXShellScriptBuildPhase;
			buildActionMask = 2147483647;
			files = (
			);
			inputFileListPaths = (
				"${PODS_ROOT}/Target Support Files/Pods-WeatherApp-WeatherAppUITests/Pods-WeatherApp-WeatherAppUITests-frameworks-${CONFIGURATION}-input-files.xcfilelist",
			);
			name = "[CP] Embed Pods Frameworks";
			outputFileListPaths = (
				"${PODS_ROOT}/Target Support Files/Pods-WeatherApp-WeatherAppUITests/Pods-WeatherApp-WeatherAppUITests-frameworks-${CONFIGURATION}-output-files.xcfilelist",
			);
			runOnlyForDeploymentPostprocessing = 0;
			shellPath = /bin/sh;
			shellScript = "\"${PODS_ROOT}/Target Support Files/Pods-WeatherApp-WeatherAppUITests/Pods-WeatherApp-WeatherAppUITests-frameworks.sh\"\n";
			showEnvVarsInLog = 0;
		};
		5C9BA6FDEBE606038C24D29A /* [CP] Check Pods Manifest.lock */ = {
			isa = PBXShellScriptBuildPhase;
			buildActionMask = 2147483647;
			files = (
			);
			inputFileListPaths = (
			);
			inputPaths = (
				"${PODS_PODFILE_DIR_PATH}/Podfile.lock",
				"${PODS_ROOT}/Manifest.lock",
			);
			name = "[CP] Check Pods Manifest.lock";
			outputFileListPaths = (
			);
			outputPaths = (
				"$(DERIVED_FILE_DIR)/Pods-WeatherAppTests-checkManifestLockResult.txt",
			);
			runOnlyForDeploymentPostprocessing = 0;
			shellPath = /bin/sh;
			shellScript = "diff \"${PODS_PODFILE_DIR_PATH}/Podfile.lock\" \"${PODS_ROOT}/Manifest.lock\" > /dev/null\nif [ $? != 0 ] ; then\n    # print error to STDERR\n    echo \"error: The sandbox is not in sync with the Podfile.lock. Run 'pod install' or update your CocoaPods installation.\" >&2\n    exit 1\nfi\n# This output is used by Xcode 'outputs' to avoid re-running this script phase.\necho \"SUCCESS\" > \"${SCRIPT_OUTPUT_FILE_0}\"\n";
			showEnvVarsInLog = 0;
		};
		A0A069CD2B0227A37FF1C9B1 /* [CP] Check Pods Manifest.lock */ = {
			isa = PBXShellScriptBuildPhase;
			buildActionMask = 2147483647;
			files = (
			);
			inputFileListPaths = (
			);
			inputPaths = (
				"${PODS_PODFILE_DIR_PATH}/Podfile.lock",
				"${PODS_ROOT}/Manifest.lock",
			);
			name = "[CP] Check Pods Manifest.lock";
			outputFileListPaths = (
			);
			outputPaths = (
				"$(DERIVED_FILE_DIR)/Pods-WeatherApp-WeatherAppUITests-checkManifestLockResult.txt",
			);
			runOnlyForDeploymentPostprocessing = 0;
			shellPath = /bin/sh;
			shellScript = "diff \"${PODS_PODFILE_DIR_PATH}/Podfile.lock\" \"${PODS_ROOT}/Manifest.lock\" > /dev/null\nif [ $? != 0 ] ; then\n    # print error to STDERR\n    echo \"error: The sandbox is not in sync with the Podfile.lock. Run 'pod install' or update your CocoaPods installation.\" >&2\n    exit 1\nfi\n# This output is used by Xcode 'outputs' to avoid re-running this script phase.\necho \"SUCCESS\" > \"${SCRIPT_OUTPUT_FILE_0}\"\n";
			showEnvVarsInLog = 0;
		};
		DF34D834E912DE522341D792 /* [CP] Check Pods Manifest.lock */ = {
			isa = PBXShellScriptBuildPhase;
			buildActionMask = 2147483647;
			files = (
			);
			inputFileListPaths = (
			);
			inputPaths = (
				"${PODS_PODFILE_DIR_PATH}/Podfile.lock",
				"${PODS_ROOT}/Manifest.lock",
			);
			name = "[CP] Check Pods Manifest.lock";
			outputFileListPaths = (
			);
			outputPaths = (
				"$(DERIVED_FILE_DIR)/Pods-WeatherApp-checkManifestLockResult.txt",
			);
			runOnlyForDeploymentPostprocessing = 0;
			shellPath = /bin/sh;
			shellScript = "diff \"${PODS_PODFILE_DIR_PATH}/Podfile.lock\" \"${PODS_ROOT}/Manifest.lock\" > /dev/null\nif [ $? != 0 ] ; then\n    # print error to STDERR\n    echo \"error: The sandbox is not in sync with the Podfile.lock. Run 'pod install' or update your CocoaPods installation.\" >&2\n    exit 1\nfi\n# This output is used by Xcode 'outputs' to avoid re-running this script phase.\necho \"SUCCESS\" > \"${SCRIPT_OUTPUT_FILE_0}\"\n";
			showEnvVarsInLog = 0;
		};
		EC4D5EE218DA0F64ECB5D09D /* [CP] Embed Pods Frameworks */ = {
			isa = PBXShellScriptBuildPhase;
			buildActionMask = 2147483647;
			files = (
			);
			inputFileListPaths = (
				"${PODS_ROOT}/Target Support Files/Pods-WeatherApp/Pods-WeatherApp-frameworks-${CONFIGURATION}-input-files.xcfilelist",
			);
			name = "[CP] Embed Pods Frameworks";
			outputFileListPaths = (
				"${PODS_ROOT}/Target Support Files/Pods-WeatherApp/Pods-WeatherApp-frameworks-${CONFIGURATION}-output-files.xcfilelist",
			);
			runOnlyForDeploymentPostprocessing = 0;
			shellPath = /bin/sh;
			shellScript = "\"${PODS_ROOT}/Target Support Files/Pods-WeatherApp/Pods-WeatherApp-frameworks.sh\"\n";
			showEnvVarsInLog = 0;
		};
/* End PBXShellScriptBuildPhase section */

/* Begin PBXSourcesBuildPhase section */
		E8873A6F268DCF2A003702A5 /* Sources */ = {
			isa = PBXSourcesBuildPhase;
			buildActionMask = 2147483647;
			files = (
				E80B29E5268DDC62007692E9 /* WeatherDetailsInfoCell.swift in Sources */,
				FD6E47802698A456004D879F /* DataLayer.swift in Sources */,
				FDF051282693A23900EF936A /* ChildVC.swift in Sources */,
				FDF0511826939D7600EF936A /* MainIpadViewController.swift in Sources */,
				E8873A81268DCF2A003702A5 /* WeatherApp.xcdatamodeld in Sources */,
				FD6E478D2698B17F004D879F /* WeatherAppError.swift in Sources */,
				E80B29ED268DDC62007692E9 /* WeatherInfoCell.swift in Sources */,
				FDF8C98E26975797000E48A9 /* Network.swift in Sources */,
				FD6E477226989B54004D879F /* ToastView.swift in Sources */,
				E8CAF51D268E0CE4000A29C1 /* WeatherHourCollectionViewCell.swift in Sources */,
				FDE98DEC2695B84500FD9E66 /* UIViewExtensions.swift in Sources */,
				E8B77803269C9C9700636D10 /* DaysCollectionViewCell.swift in Sources */,
				FDF050D12693194D00EF936A /* StringExtension.swift in Sources */,
				E80B29E9268DDC62007692E9 /* NextDayCell.swift in Sources */,
				FDB79B73268F78D90043353B /* MainViewModel.swift in Sources */,
				E8873A77268DCF2A003702A5 /* AppDelegate.swift in Sources */,
				E80B29E7268DDC62007692E9 /* WeatherHourlyCell.swift in Sources */,
				E80B29FA268DDD95007692E9 /* APIService.swift in Sources */,
				FDF050DA2693286200EF936A /* Configuration.swift in Sources */,
				FDB79B68268F34E80043353B /* WeatherDetailInfoCollectionCell.swift in Sources */,
				E8644CAB269B155B00D2249C /* DaysTableViewCell.swift in Sources */,
				FD6E47882698A4A9004D879F /* FileService.swift in Sources */,
				FD970227269CB7C50055F437 /* DateExtensions.swift in Sources */,
				E80DF85B268F55770073DD04 /* DaysViewController.swift in Sources */,
				E8873A79268DCF2A003702A5 /* SceneDelegate.swift in Sources */,
				FD6E477A2698A13F004D879F /* UIViewControllerExtensions.swift in Sources */,
				E80B29CE268DDB60007692E9 /* MainViewController.swift in Sources */,
				E80B29EA268DDC62007692E9 /* CityNameCell.swift in Sources */,
				E80B2A00268DDE99007692E9 /* WeatherModel.swift in Sources */,
			);
			runOnlyForDeploymentPostprocessing = 0;
		};
		E8873A88268DCF36003702A5 /* Sources */ = {
			isa = PBXSourcesBuildPhase;
			buildActionMask = 2147483647;
			files = (
				E8873A91268DCF36003702A5 /* WeatherAppTests.swift in Sources */,
			);
			runOnlyForDeploymentPostprocessing = 0;
		};
		E8873A93268DCF36003702A5 /* Sources */ = {
			isa = PBXSourcesBuildPhase;
			buildActionMask = 2147483647;
			files = (
				E8873A9C268DCF36003702A5 /* WeatherAppUITests.swift in Sources */,
			);
			runOnlyForDeploymentPostprocessing = 0;
		};
/* End PBXSourcesBuildPhase section */

/* Begin PBXTargetDependency section */
		E8873A8E268DCF36003702A5 /* PBXTargetDependency */ = {
			isa = PBXTargetDependency;
			target = E8873A72268DCF2A003702A5 /* WeatherApp */;
			targetProxy = E8873A8D268DCF36003702A5 /* PBXContainerItemProxy */;
		};
		E8873A99268DCF36003702A5 /* PBXTargetDependency */ = {
			isa = PBXTargetDependency;
			target = E8873A72268DCF2A003702A5 /* WeatherApp */;
			targetProxy = E8873A98268DCF36003702A5 /* PBXContainerItemProxy */;
		};
/* End PBXTargetDependency section */

/* Begin PBXVariantGroup section */
		E8873A7C268DCF2A003702A5 /* Main.storyboard */ = {
			isa = PBXVariantGroup;
			children = (
				E8873A7D268DCF2A003702A5 /* Base */,
			);
			name = Main.storyboard;
			sourceTree = "<group>";
		};
		E8873A84268DCF35003702A5 /* LaunchScreen.storyboard */ = {
			isa = PBXVariantGroup;
			children = (
				E8873A85268DCF35003702A5 /* Base */,
			);
			name = LaunchScreen.storyboard;
			sourceTree = "<group>";
		};
/* End PBXVariantGroup section */

/* Begin XCBuildConfiguration section */
		E8873A9E268DCF36003702A5 /* Debug */ = {
			isa = XCBuildConfiguration;
			buildSettings = {
				ALWAYS_SEARCH_USER_PATHS = NO;
				CLANG_ANALYZER_NONNULL = YES;
				CLANG_ANALYZER_NUMBER_OBJECT_CONVERSION = YES_AGGRESSIVE;
				CLANG_CXX_LANGUAGE_STANDARD = "gnu++14";
				CLANG_CXX_LIBRARY = "libc++";
				CLANG_ENABLE_MODULES = YES;
				CLANG_ENABLE_OBJC_ARC = YES;
				CLANG_ENABLE_OBJC_WEAK = YES;
				CLANG_WARN_BLOCK_CAPTURE_AUTORELEASING = YES;
				CLANG_WARN_BOOL_CONVERSION = YES;
				CLANG_WARN_COMMA = YES;
				CLANG_WARN_CONSTANT_CONVERSION = YES;
				CLANG_WARN_DEPRECATED_OBJC_IMPLEMENTATIONS = YES;
				CLANG_WARN_DIRECT_OBJC_ISA_USAGE = YES_ERROR;
				CLANG_WARN_DOCUMENTATION_COMMENTS = YES;
				CLANG_WARN_EMPTY_BODY = YES;
				CLANG_WARN_ENUM_CONVERSION = YES;
				CLANG_WARN_INFINITE_RECURSION = YES;
				CLANG_WARN_INT_CONVERSION = YES;
				CLANG_WARN_NON_LITERAL_NULL_CONVERSION = YES;
				CLANG_WARN_OBJC_IMPLICIT_RETAIN_SELF = YES;
				CLANG_WARN_OBJC_LITERAL_CONVERSION = YES;
				CLANG_WARN_OBJC_ROOT_CLASS = YES_ERROR;
				CLANG_WARN_QUOTED_INCLUDE_IN_FRAMEWORK_HEADER = YES;
				CLANG_WARN_RANGE_LOOP_ANALYSIS = YES;
				CLANG_WARN_STRICT_PROTOTYPES = YES;
				CLANG_WARN_SUSPICIOUS_MOVE = YES;
				CLANG_WARN_UNGUARDED_AVAILABILITY = YES_AGGRESSIVE;
				CLANG_WARN_UNREACHABLE_CODE = YES;
				CLANG_WARN__DUPLICATE_METHOD_MATCH = YES;
				COPY_PHASE_STRIP = NO;
				DEBUG_INFORMATION_FORMAT = dwarf;
				ENABLE_STRICT_OBJC_MSGSEND = YES;
				ENABLE_TESTABILITY = YES;
				GCC_C_LANGUAGE_STANDARD = gnu11;
				GCC_DYNAMIC_NO_PIC = NO;
				GCC_NO_COMMON_BLOCKS = YES;
				GCC_OPTIMIZATION_LEVEL = 0;
				GCC_PREPROCESSOR_DEFINITIONS = (
					"DEBUG=1",
					"$(inherited)",
				);
				GCC_WARN_64_TO_32_BIT_CONVERSION = YES;
				GCC_WARN_ABOUT_RETURN_TYPE = YES_ERROR;
				GCC_WARN_UNDECLARED_SELECTOR = YES;
				GCC_WARN_UNINITIALIZED_AUTOS = YES_AGGRESSIVE;
				GCC_WARN_UNUSED_FUNCTION = YES;
				GCC_WARN_UNUSED_VARIABLE = YES;
				IPHONEOS_DEPLOYMENT_TARGET = 14.4;
				MTL_ENABLE_DEBUG_INFO = INCLUDE_SOURCE;
				MTL_FAST_MATH = YES;
				ONLY_ACTIVE_ARCH = YES;
				SDKROOT = iphoneos;
				SWIFT_ACTIVE_COMPILATION_CONDITIONS = DEBUG;
				SWIFT_OPTIMIZATION_LEVEL = "-Onone";
			};
			name = Debug;
		};
		E8873A9F268DCF36003702A5 /* Release */ = {
			isa = XCBuildConfiguration;
			buildSettings = {
				ALWAYS_SEARCH_USER_PATHS = NO;
				CLANG_ANALYZER_NONNULL = YES;
				CLANG_ANALYZER_NUMBER_OBJECT_CONVERSION = YES_AGGRESSIVE;
				CLANG_CXX_LANGUAGE_STANDARD = "gnu++14";
				CLANG_CXX_LIBRARY = "libc++";
				CLANG_ENABLE_MODULES = YES;
				CLANG_ENABLE_OBJC_ARC = YES;
				CLANG_ENABLE_OBJC_WEAK = YES;
				CLANG_WARN_BLOCK_CAPTURE_AUTORELEASING = YES;
				CLANG_WARN_BOOL_CONVERSION = YES;
				CLANG_WARN_COMMA = YES;
				CLANG_WARN_CONSTANT_CONVERSION = YES;
				CLANG_WARN_DEPRECATED_OBJC_IMPLEMENTATIONS = YES;
				CLANG_WARN_DIRECT_OBJC_ISA_USAGE = YES_ERROR;
				CLANG_WARN_DOCUMENTATION_COMMENTS = YES;
				CLANG_WARN_EMPTY_BODY = YES;
				CLANG_WARN_ENUM_CONVERSION = YES;
				CLANG_WARN_INFINITE_RECURSION = YES;
				CLANG_WARN_INT_CONVERSION = YES;
				CLANG_WARN_NON_LITERAL_NULL_CONVERSION = YES;
				CLANG_WARN_OBJC_IMPLICIT_RETAIN_SELF = YES;
				CLANG_WARN_OBJC_LITERAL_CONVERSION = YES;
				CLANG_WARN_OBJC_ROOT_CLASS = YES_ERROR;
				CLANG_WARN_QUOTED_INCLUDE_IN_FRAMEWORK_HEADER = YES;
				CLANG_WARN_RANGE_LOOP_ANALYSIS = YES;
				CLANG_WARN_STRICT_PROTOTYPES = YES;
				CLANG_WARN_SUSPICIOUS_MOVE = YES;
				CLANG_WARN_UNGUARDED_AVAILABILITY = YES_AGGRESSIVE;
				CLANG_WARN_UNREACHABLE_CODE = YES;
				CLANG_WARN__DUPLICATE_METHOD_MATCH = YES;
				COPY_PHASE_STRIP = NO;
				DEBUG_INFORMATION_FORMAT = "dwarf-with-dsym";
				ENABLE_NS_ASSERTIONS = NO;
				ENABLE_STRICT_OBJC_MSGSEND = YES;
				GCC_C_LANGUAGE_STANDARD = gnu11;
				GCC_NO_COMMON_BLOCKS = YES;
				GCC_WARN_64_TO_32_BIT_CONVERSION = YES;
				GCC_WARN_ABOUT_RETURN_TYPE = YES_ERROR;
				GCC_WARN_UNDECLARED_SELECTOR = YES;
				GCC_WARN_UNINITIALIZED_AUTOS = YES_AGGRESSIVE;
				GCC_WARN_UNUSED_FUNCTION = YES;
				GCC_WARN_UNUSED_VARIABLE = YES;
				IPHONEOS_DEPLOYMENT_TARGET = 14.4;
				MTL_ENABLE_DEBUG_INFO = NO;
				MTL_FAST_MATH = YES;
				SDKROOT = iphoneos;
				SWIFT_COMPILATION_MODE = wholemodule;
				SWIFT_OPTIMIZATION_LEVEL = "-O";
				VALIDATE_PRODUCT = YES;
			};
			name = Release;
		};
		E8873AA1268DCF36003702A5 /* Debug */ = {
			isa = XCBuildConfiguration;
			baseConfigurationReference = 9DEC1DC8255B80ECAFAC6C1A /* Pods-WeatherApp.debug.xcconfig */;
			buildSettings = {
				ASSETCATALOG_COMPILER_APPICON_NAME = AppIcon;
				ASSETCATALOG_COMPILER_GLOBAL_ACCENT_COLOR_NAME = AccentColor;
				CODE_SIGN_STYLE = Automatic;
				DEVELOPMENT_TEAM = PJ9SW5348L;
				INFOPLIST_FILE = WeatherApp/Info.plist;
				IPHONEOS_DEPLOYMENT_TARGET = 13.0;
				LD_RUNPATH_SEARCH_PATHS = (
					"$(inherited)",
					"@executable_path/Frameworks",
				);
				PRODUCT_BUNDLE_IDENTIFIER = com.MineRala.WeatherApp;
				PRODUCT_NAME = "$(TARGET_NAME)";
				SWIFT_VERSION = 5.0;
				TARGETED_DEVICE_FAMILY = "1,2";
			};
			name = Debug;
		};
		E8873AA2268DCF36003702A5 /* Release */ = {
			isa = XCBuildConfiguration;
			baseConfigurationReference = 58DF7EC2AC03A2B98E3E10AF /* Pods-WeatherApp.release.xcconfig */;
			buildSettings = {
				ASSETCATALOG_COMPILER_APPICON_NAME = AppIcon;
				ASSETCATALOG_COMPILER_GLOBAL_ACCENT_COLOR_NAME = AccentColor;
				CODE_SIGN_STYLE = Automatic;
				DEVELOPMENT_TEAM = PJ9SW5348L;
				INFOPLIST_FILE = WeatherApp/Info.plist;
				IPHONEOS_DEPLOYMENT_TARGET = 13.0;
				LD_RUNPATH_SEARCH_PATHS = (
					"$(inherited)",
					"@executable_path/Frameworks",
				);
				PRODUCT_BUNDLE_IDENTIFIER = com.MineRala.WeatherApp;
				PRODUCT_NAME = "$(TARGET_NAME)";
				SWIFT_VERSION = 5.0;
				TARGETED_DEVICE_FAMILY = "1,2";
			};
			name = Release;
		};
		E8873AA4268DCF36003702A5 /* Debug */ = {
			isa = XCBuildConfiguration;
			baseConfigurationReference = A063D2134441573288D6D797 /* Pods-WeatherAppTests.debug.xcconfig */;
			buildSettings = {
				ALWAYS_EMBED_SWIFT_STANDARD_LIBRARIES = YES;
				BUNDLE_LOADER = "$(TEST_HOST)";
				CODE_SIGN_STYLE = Automatic;
				DEVELOPMENT_TEAM = 29JK24NZ4B;
				INFOPLIST_FILE = WeatherAppTests/Info.plist;
				IPHONEOS_DEPLOYMENT_TARGET = 14.4;
				LD_RUNPATH_SEARCH_PATHS = (
					"$(inherited)",
					"@executable_path/Frameworks",
					"@loader_path/Frameworks",
				);
				PRODUCT_BUNDLE_IDENTIFIER = com.MineRala.WeatherAppTests;
				PRODUCT_NAME = "$(TARGET_NAME)";
				SWIFT_VERSION = 5.0;
				TARGETED_DEVICE_FAMILY = "1,2";
				TEST_HOST = "$(BUILT_PRODUCTS_DIR)/WeatherApp.app/WeatherApp";
			};
			name = Debug;
		};
		E8873AA5268DCF36003702A5 /* Release */ = {
			isa = XCBuildConfiguration;
			baseConfigurationReference = AC7060AB944D8937DCC4F231 /* Pods-WeatherAppTests.release.xcconfig */;
			buildSettings = {
				ALWAYS_EMBED_SWIFT_STANDARD_LIBRARIES = YES;
				BUNDLE_LOADER = "$(TEST_HOST)";
				CODE_SIGN_STYLE = Automatic;
				DEVELOPMENT_TEAM = 29JK24NZ4B;
				INFOPLIST_FILE = WeatherAppTests/Info.plist;
				IPHONEOS_DEPLOYMENT_TARGET = 14.4;
				LD_RUNPATH_SEARCH_PATHS = (
					"$(inherited)",
					"@executable_path/Frameworks",
					"@loader_path/Frameworks",
				);
				PRODUCT_BUNDLE_IDENTIFIER = com.MineRala.WeatherAppTests;
				PRODUCT_NAME = "$(TARGET_NAME)";
				SWIFT_VERSION = 5.0;
				TARGETED_DEVICE_FAMILY = "1,2";
				TEST_HOST = "$(BUILT_PRODUCTS_DIR)/WeatherApp.app/WeatherApp";
			};
			name = Release;
		};
		E8873AA7268DCF36003702A5 /* Debug */ = {
			isa = XCBuildConfiguration;
			baseConfigurationReference = FBDDFCC3A3DC7EB76FFC3E56 /* Pods-WeatherApp-WeatherAppUITests.debug.xcconfig */;
			buildSettings = {
				ALWAYS_EMBED_SWIFT_STANDARD_LIBRARIES = YES;
				CODE_SIGN_STYLE = Automatic;
				DEVELOPMENT_TEAM = 29JK24NZ4B;
				INFOPLIST_FILE = WeatherAppUITests/Info.plist;
				LD_RUNPATH_SEARCH_PATHS = (
					"$(inherited)",
					"@executable_path/Frameworks",
					"@loader_path/Frameworks",
				);
				PRODUCT_BUNDLE_IDENTIFIER = com.MineRala.WeatherAppUITests;
				PRODUCT_NAME = "$(TARGET_NAME)";
				SWIFT_VERSION = 5.0;
				TARGETED_DEVICE_FAMILY = "1,2";
				TEST_TARGET_NAME = WeatherApp;
			};
			name = Debug;
		};
		E8873AA8268DCF36003702A5 /* Release */ = {
			isa = XCBuildConfiguration;
			baseConfigurationReference = 6644F095C76D46B3FFD8EEBC /* Pods-WeatherApp-WeatherAppUITests.release.xcconfig */;
			buildSettings = {
				ALWAYS_EMBED_SWIFT_STANDARD_LIBRARIES = YES;
				CODE_SIGN_STYLE = Automatic;
				DEVELOPMENT_TEAM = 29JK24NZ4B;
				INFOPLIST_FILE = WeatherAppUITests/Info.plist;
				LD_RUNPATH_SEARCH_PATHS = (
					"$(inherited)",
					"@executable_path/Frameworks",
					"@loader_path/Frameworks",
				);
				PRODUCT_BUNDLE_IDENTIFIER = com.MineRala.WeatherAppUITests;
				PRODUCT_NAME = "$(TARGET_NAME)";
				SWIFT_VERSION = 5.0;
				TARGETED_DEVICE_FAMILY = "1,2";
				TEST_TARGET_NAME = WeatherApp;
			};
			name = Release;
		};
/* End XCBuildConfiguration section */

/* Begin XCConfigurationList section */
		E8873A6E268DCF2A003702A5 /* Build configuration list for PBXProject "WeatherApp" */ = {
			isa = XCConfigurationList;
			buildConfigurations = (
				E8873A9E268DCF36003702A5 /* Debug */,
				E8873A9F268DCF36003702A5 /* Release */,
			);
			defaultConfigurationIsVisible = 0;
			defaultConfigurationName = Release;
		};
		E8873AA0268DCF36003702A5 /* Build configuration list for PBXNativeTarget "WeatherApp" */ = {
			isa = XCConfigurationList;
			buildConfigurations = (
				E8873AA1268DCF36003702A5 /* Debug */,
				E8873AA2268DCF36003702A5 /* Release */,
			);
			defaultConfigurationIsVisible = 0;
			defaultConfigurationName = Release;
		};
		E8873AA3268DCF36003702A5 /* Build configuration list for PBXNativeTarget "WeatherAppTests" */ = {
			isa = XCConfigurationList;
			buildConfigurations = (
				E8873AA4268DCF36003702A5 /* Debug */,
				E8873AA5268DCF36003702A5 /* Release */,
			);
			defaultConfigurationIsVisible = 0;
			defaultConfigurationName = Release;
		};
		E8873AA6268DCF36003702A5 /* Build configuration list for PBXNativeTarget "WeatherAppUITests" */ = {
			isa = XCConfigurationList;
			buildConfigurations = (
				E8873AA7268DCF36003702A5 /* Debug */,
				E8873AA8268DCF36003702A5 /* Release */,
			);
			defaultConfigurationIsVisible = 0;
			defaultConfigurationName = Release;
		};
/* End XCConfigurationList section */

/* Begin XCVersionGroup section */
		E8873A7F268DCF2A003702A5 /* WeatherApp.xcdatamodeld */ = {
			isa = XCVersionGroup;
			children = (
				E8873A80268DCF2A003702A5 /* WeatherApp.xcdatamodel */,
			);
			currentVersion = E8873A80268DCF2A003702A5 /* WeatherApp.xcdatamodel */;
			path = WeatherApp.xcdatamodeld;
			sourceTree = "<group>";
			versionGroupType = wrapper.xcdatamodel;
		};
/* End XCVersionGroup section */
	};
	rootObject = E8873A6B268DCF2A003702A5 /* Project object */;
}
